
Microsoft Visual Studio Solution File, Format Version 12.00
# Visual Studio Version 17
VisualStudioVersion = 17.4.33110.190
MinimumVisualStudioVersion = 10.0.40219.1
Project("{2150E333-8FDC-42A3-9474-1A3956D46DE8}") = "Services", "Services", "{4FBB2F40-89BC-4089-9F11-90A471264F94}"
EndProject
Project("{2150E333-8FDC-42A3-9474-1A3956D46DE8}") = "Catalog", "Catalog", "{BC250DF1-2465-4998-A500-F3B681DD3042}"
EndProject
Project("{9A19103F-16F7-4668-BE54-9A1E7A4F7556}") = "Catalog", "services\catalog\Catalog\Catalog.csproj", "{E32DB34A-994E-4AD3-9C80-6F49FF892AEB}"
EndProject
Project("{E53339B2-1760-4266-BCC7-CA923CBCF16C}") = "docker-compose", "docker-compose.dcproj", "{D303F208-6D80-4F6B-A13C-8AEEA76F5942}"
EndProject
Project("{2150E333-8FDC-42A3-9474-1A3956D46DE8}") = "Basket", "Basket", "{4A86F0A3-936D-4168-B8F8-D8F5740B4E30}"
EndProject
Project("{9A19103F-16F7-4668-BE54-9A1E7A4F7556}") = "Basket.API", "Services\Basket\Basket.API\Basket.API.csproj", "{709F9422-53F4-4106-90DE-50E7CFEBCFFE}"
EndProject
Project("{2150E333-8FDC-42A3-9474-1A3956D46DE8}") = "Discount", "Discount", "{CBD2F8B7-A5E0-47A2-A7F0-F3F082402AA6}"
EndProject
Project("{9A19103F-16F7-4668-BE54-9A1E7A4F7556}") = "Discount.API", "Services\Discount\Discount.API\Discount.API.csproj", "{FC9A9217-1612-41A1-A8DC-87CAC87734C1}"
EndProject
Project("{9A19103F-16F7-4668-BE54-9A1E7A4F7556}") = "Discount.Grpc", "Services\Discount\Discount.Grpc\Discount.Grpc.csproj", "{87D78035-84A1-482A-BCB1-E03DE3A2506A}"
EndProject
Project("{2150E333-8FDC-42A3-9474-1A3956D46DE8}") = "Ordering", "Ordering", "{6E00B643-CC59-4341-9BF1-65A39169AAC8}"
EndProject
Project("{FAE04EC0-301F-11D3-BF4B-00C04F79EFBC}") = "Ordering.API", "Services\Ordering\Ordering.API\Ordering.API.csproj", "{72077465-D022-44EB-B026-9828B9191767}"
EndProject
Project("{FAE04EC0-301F-11D3-BF4B-00C04F79EFBC}") = "Ordering.Domain", "Services\Ordering\Ordering.Domain\Ordering.Domain.csproj", "{C118B295-D5AD-464E-A307-3C51E658658B}"
EndProject
Project("{FAE04EC0-301F-11D3-BF4B-00C04F79EFBC}") = "Ordering.Application", "Services\Ordering\Ordering.Application\Ordering.Application.csproj", "{2ECC03EC-D2EE-4EA1-82C2-66CB72665783}"
EndProject
Project("{FAE04EC0-301F-11D3-BF4B-00C04F79EFBC}") = "Ordering.Infrastructure", "Services\Ordering\Ordering.Infrastructure\Ordering.Infrastructure.csproj", "{F81B99F7-F215-4235-AB9F-B708F3E5142D}"
EndProject
Global
	GlobalSection(SolutionConfigurationPlatforms) = preSolution
		Debug|Any CPU = Debug|Any CPU
		Release|Any CPU = Release|Any CPU
	EndGlobalSection
	GlobalSection(ProjectConfigurationPlatforms) = postSolution
		{E32DB34A-994E-4AD3-9C80-6F49FF892AEB}.Debug|Any CPU.ActiveCfg = Debug|Any CPU
		{E32DB34A-994E-4AD3-9C80-6F49FF892AEB}.Debug|Any CPU.Build.0 = Debug|Any CPU
		{E32DB34A-994E-4AD3-9C80-6F49FF892AEB}.Release|Any CPU.ActiveCfg = Release|Any CPU
		{E32DB34A-994E-4AD3-9C80-6F49FF892AEB}.Release|Any CPU.Build.0 = Release|Any CPU
		{D303F208-6D80-4F6B-A13C-8AEEA76F5942}.Debug|Any CPU.ActiveCfg = Debug|Any CPU
		{D303F208-6D80-4F6B-A13C-8AEEA76F5942}.Debug|Any CPU.Build.0 = Debug|Any CPU
		{D303F208-6D80-4F6B-A13C-8AEEA76F5942}.Release|Any CPU.ActiveCfg = Release|Any CPU
		{D303F208-6D80-4F6B-A13C-8AEEA76F5942}.Release|Any CPU.Build.0 = Release|Any CPU
		{709F9422-53F4-4106-90DE-50E7CFEBCFFE}.Debug|Any CPU.ActiveCfg = Debug|Any CPU
		{709F9422-53F4-4106-90DE-50E7CFEBCFFE}.Debug|Any CPU.Build.0 = Debug|Any CPU
		{709F9422-53F4-4106-90DE-50E7CFEBCFFE}.Release|Any CPU.ActiveCfg = Release|Any CPU
		{709F9422-53F4-4106-90DE-50E7CFEBCFFE}.Release|Any CPU.Build.0 = Release|Any CPU
		{FC9A9217-1612-41A1-A8DC-87CAC87734C1}.Debug|Any CPU.ActiveCfg = Debug|Any CPU
		{FC9A9217-1612-41A1-A8DC-87CAC87734C1}.Debug|Any CPU.Build.0 = Debug|Any CPU
		{FC9A9217-1612-41A1-A8DC-87CAC87734C1}.Release|Any CPU.ActiveCfg = Release|Any CPU
		{FC9A9217-1612-41A1-A8DC-87CAC87734C1}.Release|Any CPU.Build.0 = Release|Any CPU
		{87D78035-84A1-482A-BCB1-E03DE3A2506A}.Debug|Any CPU.ActiveCfg = Debug|Any CPU
		{87D78035-84A1-482A-BCB1-E03DE3A2506A}.Debug|Any CPU.Build.0 = Debug|Any CPU
		{87D78035-84A1-482A-BCB1-E03DE3A2506A}.Release|Any CPU.ActiveCfg = Release|Any CPU
		{87D78035-84A1-482A-BCB1-E03DE3A2506A}.Release|Any CPU.Build.0 = Release|Any CPU
		{72077465-D022-44EB-B026-9828B9191767}.Debug|Any CPU.ActiveCfg = Debug|Any CPU
		{72077465-D022-44EB-B026-9828B9191767}.Debug|Any CPU.Build.0 = Debug|Any CPU
		{72077465-D022-44EB-B026-9828B9191767}.Release|Any CPU.ActiveCfg = Release|Any CPU
		{72077465-D022-44EB-B026-9828B9191767}.Release|Any CPU.Build.0 = Release|Any CPU
		{C118B295-D5AD-464E-A307-3C51E658658B}.Debug|Any CPU.ActiveCfg = Debug|Any CPU
		{C118B295-D5AD-464E-A307-3C51E658658B}.Debug|Any CPU.Build.0 = Debug|Any CPU
		{C118B295-D5AD-464E-A307-3C51E658658B}.Release|Any CPU.ActiveCfg = Release|Any CPU
		{C118B295-D5AD-464E-A307-3C51E658658B}.Release|Any CPU.Build.0 = Release|Any CPU
		{2ECC03EC-D2EE-4EA1-82C2-66CB72665783}.Debug|Any CPU.ActiveCfg = Debug|Any CPU
		{2ECC03EC-D2EE-4EA1-82C2-66CB72665783}.Debug|Any CPU.Build.0 = Debug|Any CPU
		{2ECC03EC-D2EE-4EA1-82C2-66CB72665783}.Release|Any CPU.ActiveCfg = Release|Any CPU
		{2ECC03EC-D2EE-4EA1-82C2-66CB72665783}.Release|Any CPU.Build.0 = Release|Any CPU
		{F81B99F7-F215-4235-AB9F-B708F3E5142D}.Debug|Any CPU.ActiveCfg = Debug|Any CPU
		{F81B99F7-F215-4235-AB9F-B708F3E5142D}.Debug|Any CPU.Build.0 = Debug|Any CPU
		{F81B99F7-F215-4235-AB9F-B708F3E5142D}.Release|Any CPU.ActiveCfg = Release|Any CPU
		{F81B99F7-F215-4235-AB9F-B708F3E5142D}.Release|Any CPU.Build.0 = Release|Any CPU
	EndGlobalSection
	GlobalSection(SolutionProperties) = preSolution
		HideSolutionNode = FALSE
	EndGlobalSection
	GlobalSection(NestedProjects) = preSolution
		{BC250DF1-2465-4998-A500-F3B681DD3042} = {4FBB2F40-89BC-4089-9F11-90A471264F94}
		{E32DB34A-994E-4AD3-9C80-6F49FF892AEB} = {BC250DF1-2465-4998-A500-F3B681DD3042}
		{4A86F0A3-936D-4168-B8F8-D8F5740B4E30} = {4FBB2F40-89BC-4089-9F11-90A471264F94}
		{709F9422-53F4-4106-90DE-50E7CFEBCFFE} = {4A86F0A3-936D-4168-B8F8-D8F5740B4E30}
		{CBD2F8B7-A5E0-47A2-A7F0-F3F082402AA6} = {4FBB2F40-89BC-4089-9F11-90A471264F94}
		{FC9A9217-1612-41A1-A8DC-87CAC87734C1} = {CBD2F8B7-A5E0-47A2-A7F0-F3F082402AA6}
		{87D78035-84A1-482A-BCB1-E03DE3A2506A} = {CBD2F8B7-A5E0-47A2-A7F0-F3F082402AA6}
		{6E00B643-CC59-4341-9BF1-65A39169AAC8} = {4FBB2F40-89BC-4089-9F11-90A471264F94}
		{72077465-D022-44EB-B026-9828B9191767} = {6E00B643-CC59-4341-9BF1-65A39169AAC8}
		{C118B295-D5AD-464E-A307-3C51E658658B} = {6E00B643-CC59-4341-9BF1-65A39169AAC8}
		{2ECC03EC-D2EE-4EA1-82C2-66CB72665783} = {6E00B643-CC59-4341-9BF1-65A39169AAC8}
		{F81B99F7-F215-4235-AB9F-B708F3E5142D} = {6E00B643-CC59-4341-9BF1-65A39169AAC8}
	EndGlobalSection
	GlobalSection(ExtensibilityGlobals) = postSolution
		SolutionGuid = {4DD6583E-675E-42D6-BB5C-F1DD04E0F285}
	EndGlobalSection
EndGlobal
